# THIS IS AN AUTOGENERATED FILE. DO NOT EDIT THIS FILE DIRECTLY.
# yarn lockfile v1


"@next/env@13.0.5-canary.2":
  version "13.0.5-canary.2"
  resolved "https://registry.yarnpkg.com/@next/env/-/env-13.0.5-canary.2.tgz#7b565740e21779d9f42ab24734130c2c123dc06e"
  integrity sha512-zdMyqSD51rFE1GUyph7Z5fNyiMLVvxy9KSU0J7lhEjpaqEzoHwY5ijDpKiC7hfWCMD842CxMvVVzkz6GG5M9Ug==

"@next/swc-android-arm-eabi@13.0.5-canary.2":
  version "13.0.5-canary.2"
  resolved "https://registry.yarnpkg.com/@next/swc-android-arm-eabi/-/swc-android-arm-eabi-13.0.5-canary.2.tgz#dc3ca8577d916d45262f7f4e05347d2935e1afa0"
  integrity sha512-emSZuPVDYgce4oBoKABF+5TsvyPp+plVOxg73t16hAqd0D6H17cCsaRDve+7IRKRfqCcCYQXomQVGD3fBnbNhQ==

"@next/swc-android-arm64@13.0.5-canary.2":
  version "13.0.5-canary.2"
  resolved "https://registry.yarnpkg.com/@next/swc-android-arm64/-/swc-android-arm64-13.0.5-canary.2.tgz#c0ea0146aa1d5101520cf7549bea43479d79a240"
  integrity sha512-GVa1Nff8SJJjraJVl6Ib6NvjcPEvHSry1JvcHx5qOIWbZIeUFNs0KVr5lMev3x/FLxAz/3Nhx97S0Ui84GHpWA==

"@next/swc-darwin-arm64@13.0.5-canary.2":
  version "13.0.5-canary.2"
  resolved "https://registry.yarnpkg.com/@next/swc-darwin-arm64/-/swc-darwin-arm64-13.0.5-canary.2.tgz#e83c270ece4e7848fb01ca2b5fcfbf7573997f7d"
  integrity sha512-6ESsLOqGYTBt5OKY+SEa4WRUe+g7HhEqStmHbeEvfK/C1l2NWOxVaCgXX0N0/IdbCRFQv9CB+JZt8kgZwhhUww==

"@next/swc-darwin-x64@13.0.5-canary.2":
  version "13.0.5-canary.2"
  resolved "https://registry.yarnpkg.com/@next/swc-darwin-x64/-/swc-darwin-x64-13.0.5-canary.2.tgz#bac4db1f08869af2d297cfec17f01728b4d18b5d"
  integrity sha512-JtNJB6TbeXCoMoCF7BeFgAPIsQpCdu37QLg0YrFtiTMlIajtJHrJHCcMmGpI5EfcrTbloGYaoqmpxgENX27pFQ==

"@next/swc-freebsd-x64@13.0.5-canary.2":
  version "13.0.5-canary.2"
  resolved "https://registry.yarnpkg.com/@next/swc-freebsd-x64/-/swc-freebsd-x64-13.0.5-canary.2.tgz#566e67f91911eacd24cae1a90e154cddbd256c11"
  integrity sha512-2zp4ciFRytx7BNCSc5tRzj5nzuSrz0n4KNEwlnQJuHLD5rrjOZ9QJTzPMwYNyOS49wr+fEcpWqVzL2UipFX54g==

"@next/swc-linux-arm-gnueabihf@13.0.5-canary.2":
  version "13.0.5-canary.2"
  resolved "https://registry.yarnpkg.com/@next/swc-linux-arm-gnueabihf/-/swc-linux-arm-gnueabihf-13.0.5-canary.2.tgz#1bd4bb252d14b2a4f9511f3be52e35b2e24a8453"
  integrity sha512-3RYtosYKBMCMMksLZIgQLjvge1ldz4M+tsKQFcdWC+XVRbXU5HWCNwZZUTBMZU7uKkar2rQdv+3uMR245Ql0og==

"@next/swc-linux-arm64-gnu@13.0.5-canary.2":
  version "13.0.5-canary.2"
  resolved "https://registry.yarnpkg.com/@next/swc-linux-arm64-gnu/-/swc-linux-arm64-gnu-13.0.5-canary.2.tgz#abec9d2b90824422dced1a88248c6c7965763044"
  integrity sha512-DbUX/h4cRGLcD94uw6sErMVmBmlkDZK4vIzhcOgNdtYpYK4eMLFdO2bQp35ZN0I+hrCdb/Cm55UpJn4Q0qkGew==

"@next/swc-linux-arm64-musl@13.0.5-canary.2":
  version "13.0.5-canary.2"
  resolved "https://registry.yarnpkg.com/@next/swc-linux-arm64-musl/-/swc-linux-arm64-musl-13.0.5-canary.2.tgz#0bceb6ac8dd2a8d8f4604c80baa181f214fa46ca"
  integrity sha512-M3z8I1LqsVWFcMqGbl4LeqRVZHldrdptK715AYML6d2e2srmufjloHooApFIRFS6cli42T8NEX/4ZLE0ex6kOA==

"@next/swc-linux-x64-gnu@13.0.5-canary.2":
  version "13.0.5-canary.2"
  resolved "https://registry.yarnpkg.com/@next/swc-linux-x64-gnu/-/swc-linux-x64-gnu-13.0.5-canary.2.tgz#c2224961e4232d5bc0cb20229c36d0051aa626e9"
  integrity sha512-x7jbZyk/8tWHVAFZanPlyNjgnyBnJ6LNgAXQrSkQCBjT/OHQA5VsUrzkphuDwh6whqtxV4evXBRC0fo9us0teg==

"@next/swc-linux-x64-musl@13.0.5-canary.2":
  version "13.0.5-canary.2"
  resolved "https://registry.yarnpkg.com/@next/swc-linux-x64-musl/-/swc-linux-x64-musl-13.0.5-canary.2.tgz#ed1b8aca5f53482ee79de4ad619655cd2d34548c"
  integrity sha512-cn7LfMIWkqyFvBucOecjrjZwpTISNtZCqKOzH6Ewxp8mcDpECQEKRf9lgFpCqqHEhPi/HoDCcZkth/kHHfOwtg==

"@next/swc-win32-arm64-msvc@13.0.5-canary.2":
  version "13.0.5-canary.2"
  resolved "https://registry.yarnpkg.com/@next/swc-win32-arm64-msvc/-/swc-win32-arm64-msvc-13.0.5-canary.2.tgz#e1bc26d53c08ea3134bfb4716b72601e16f59a2c"
  integrity sha512-XjGtL6yfkg+56yI5B6kcvAKF8OhkaWOBnec4gFO7hmEYk5Fv13NJTt+HNTZ68oG985bekakknprAvx0dlawQGA==

"@next/swc-win32-ia32-msvc@13.0.5-canary.2":
  version "13.0.5-canary.2"
  resolved "https://registry.yarnpkg.com/@next/swc-win32-ia32-msvc/-/swc-win32-ia32-msvc-13.0.5-canary.2.tgz#026023171aefc859635a83c467691a4100cf5be1"
  integrity sha512-2T7l8fCNuOPVuDeyqsF/50sHjTm/EVSxzdNUJ/Ltfo/vHIvuRah8gSS6hG+QZ/PznD6vidssNhAP4F88N0WIrQ==

"@next/swc-win32-x64-msvc@13.0.5-canary.2":
  version "13.0.5-canary.2"
  resolved "https://registry.yarnpkg.com/@next/swc-win32-x64-msvc/-/swc-win32-x64-msvc-13.0.5-canary.2.tgz#f5e4d98e4eab517d06415c990d43e412b784951b"
  integrity sha512-s0p9LpcJW2QGBie7D8O6O1qqMaLL7pCMU/oaY631+5ov8ftHCwqnkkocWoMQ+dU103n/h3SOroBI5w+e6G9kqA==

"@swc/helpers@0.4.11":
  version "0.4.11"
  resolved "https://registry.yarnpkg.com/@swc/helpers/-/helpers-0.4.11.tgz#db23a376761b3d31c26502122f349a21b592c8de"
  integrity sha512-rEUrBSGIoSFuYxwBYtlUFMlE2CwGhmW+w9355/5oduSw8e5h2+Tj4UrAGNNgP9915++wj5vkQo0UuOBqOAq4nw==
  dependencies:
    tslib "^2.4.0"

"@types/node@^18.0.0":
  version "18.11.9"
  resolved "https://registry.yarnpkg.com/@types/node/-/node-18.11.9.tgz#02d013de7058cea16d36168ef2fc653464cfbad4"
  integrity sha512-CRpX21/kGdzjOpFsZSkcrXMGIBWMGNIHXXBVFSH+ggkftxg+XYP20TESbh+zFvFj3EQOl5byk0HTRn1IL6hbqg==

"@types/prop-types@*":
  version "15.7.5"
  resolved "https://registry.yarnpkg.com/@types/prop-types/-/prop-types-15.7.5.tgz#5f19d2b85a98e9558036f6a3cacc8819420f05cf"
  integrity sha512-JCB8C6SnDoQf0cNycqd/35A7MjcnK+ZTqE7judS6o7utxUCg6imJg3QK2qzHKszlTjcj2cn+NwMB2i96ubpj7w==

"@types/react@^18.0.14":
  version "18.0.25"
  resolved "https://registry.yarnpkg.com/@types/react/-/react-18.0.25.tgz#8b1dcd7e56fe7315535a4af25435e0bb55c8ae44"
  integrity sha512-xD6c0KDT4m7n9uD4ZHi02lzskaiqcBxf4zi+tXZY98a04wvc0hi/TcCPC2FOESZi51Nd7tlUeOJY8RofL799/g==
  dependencies:
    "@types/prop-types" "*"
    "@types/scheduler" "*"
    csstype "^3.0.2"

"@types/scheduler@*":
  version "0.16.2"
  resolved "https://registry.yarnpkg.com/@types/scheduler/-/scheduler-0.16.2.tgz#1a62f89525723dde24ba1b01b092bf5df8ad4d39"
  integrity sha512-hppQEBDmlwhFAXKJX2KnWLYu5yMfi91yazPb2l+lbJiwW+wdo1gNeRA+3RgNSO39WYX2euey41KEwnqesU2Jew==

caniuse-lite@^1.0.30001406:
  version "1.0.30001431"
  resolved "https://registry.yarnpkg.com/caniuse-lite/-/caniuse-lite-1.0.30001431.tgz#e7c59bd1bc518fae03a4656be442ce6c4887a795"
  integrity sha512-zBUoFU0ZcxpvSt9IU66dXVT/3ctO1cy4y9cscs1szkPlcWb6pasYM144GqrUygUbT+k7cmUCW61cvskjcv0enQ==

client-only@0.0.1:
  version "0.0.1"
  resolved "https://registry.yarnpkg.com/client-only/-/client-only-0.0.1.tgz#38bba5d403c41ab150bff64a95c85013cf73bca1"
  integrity sha512-IV3Ou0jSMzZrd3pZ48nLkT9DA7Ag1pnPzaiQhpW7c3RbcqqzvzzVu+L8gfqMp/8IM2MQtSiqaCxrrcfu8I8rMA==

csstype@^3.0.2:
  version "3.1.1"
  resolved "https://registry.yarnpkg.com/csstype/-/csstype-3.1.1.tgz#841b532c45c758ee546a11d5bd7b7b473c8c30b9"
  integrity sha512-DJR/VvkAvSZW9bTouZue2sSxDwdTN92uHjqeKVm+0dAqdfNykRzQ95tay8aXMBAAPpUiq4Qcug2L7neoRh2Egw==

"js-tokens@^3.0.0 || ^4.0.0":
  version "4.0.0"
  resolved "https://registry.yarnpkg.com/js-tokens/-/js-tokens-4.0.0.tgz#19203fb59991df98e3a287050d4647cdeaf32499"
  integrity sha512-RdJUflcE3cUzKiMqQgsCu06FPu9UdIJO0beYbPhHN4k6apgJtifcoCtT9bcxOpYBtpD2kCM6Sbzg4CausW/PKQ==

loose-envify@^1.1.0:
  version "1.4.0"
  resolved "https://registry.yarnpkg.com/loose-envify/-/loose-envify-1.4.0.tgz#71ee51fa7be4caec1a63839f7e682d8132d30caf"
  integrity sha512-lyuxPGr/Wfhrlem2CL/UcnUc1zcqKAImBDzukY7Y5F/yQiNdko6+fRLevlw1HgMySw7f611UIY408EtxRSoK3Q==
  dependencies:
    js-tokens "^3.0.0 || ^4.0.0"

nanoid@^3.3.4:
  version "3.3.4"
  resolved "https://registry.yarnpkg.com/nanoid/-/nanoid-3.3.4.tgz#730b67e3cd09e2deacf03c027c81c9d9dbc5e8ab"
  integrity sha512-MqBkQh/OHTS2egovRtLk45wEyNXwF+cokD+1YPf9u5VfJiRdAiRwB2froX5Co9Rh20xs4siNPm8naNotSD6RBw==

next@canary:
  version "13.0.5-canary.2"
  resolved "https://registry.yarnpkg.com/next/-/next-13.0.5-canary.2.tgz#f3cc104caf4adfa77182f085982ccc0a9859bbb7"
  integrity sha512-asF/qsN0WVONRR496hwLMEF5+h+nvmuMmnmJv4HxafcRk1pI8A+KC4vwJAVqcE9+ZKh9DO9wDI6e9eQrC37+fA==
  dependencies:
    "@next/env" "13.0.5-canary.2"
    "@swc/helpers" "0.4.11"
    caniuse-lite "^1.0.30001406"
    postcss "8.4.14"
    styled-jsx "5.1.0"
    use-sync-external-store "1.2.0"
  optionalDependencies:
    "@next/swc-android-arm-eabi" "13.0.5-canary.2"
    "@next/swc-android-arm64" "13.0.5-canary.2"
    "@next/swc-darwin-arm64" "13.0.5-canary.2"
    "@next/swc-darwin-x64" "13.0.5-canary.2"
    "@next/swc-freebsd-x64" "13.0.5-canary.2"
    "@next/swc-linux-arm-gnueabihf" "13.0.5-canary.2"
    "@next/swc-linux-arm64-gnu" "13.0.5-canary.2"
    "@next/swc-linux-arm64-musl" "13.0.5-canary.2"
    "@next/swc-linux-x64-gnu" "13.0.5-canary.2"
    "@next/swc-linux-x64-musl" "13.0.5-canary.2"
    "@next/swc-win32-arm64-msvc" "13.0.5-canary.2"
    "@next/swc-win32-ia32-msvc" "13.0.5-canary.2"
    "@next/swc-win32-x64-msvc" "13.0.5-canary.2"

picocolors@^1.0.0:
  version "1.0.0"
  resolved "https://registry.yarnpkg.com/picocolors/-/picocolors-1.0.0.tgz#cb5bdc74ff3f51892236eaf79d68bc44564ab81c"
  integrity sha512-1fygroTLlHu66zi26VoTDv8yRgm0Fccecssto+MhsZ0D/DGW2sm8E8AjW7NU5VVTRt5GxbeZ5qBuJr+HyLYkjQ==

postcss@8.4.14:
  version "8.4.14"
  resolved "https://registry.yarnpkg.com/postcss/-/postcss-8.4.14.tgz#ee9274d5622b4858c1007a74d76e42e56fd21caf"
  integrity sha512-E398TUmfAYFPBSdzgeieK2Y1+1cpdxJx8yXbK/m57nRhKSmk1GB2tO4lbLBtlkfPQTDKfe4Xqv1ASWPpayPEig==
  dependencies:
    nanoid "^3.3.4"
    picocolors "^1.0.0"
    source-map-js "^1.0.2"

react-dom@^18.2.0:
  version "18.2.0"
  resolved "https://registry.yarnpkg.com/react-dom/-/react-dom-18.2.0.tgz#22aaf38708db2674ed9ada224ca4aa708d821e3d"
  integrity sha512-6IMTriUmvsjHUjNtEDudZfuDQUoWXVxKHhlEGSk81n4YFS+r/Kl99wXiwlVXtPBtJenozv2P+hxDsw9eA7Xo6g==
  dependencies:
    loose-envify "^1.1.0"
    scheduler "^0.23.0"

react@^18.2.0:
  version "18.2.0"
  resolved "https://registry.yarnpkg.com/react/-/react-18.2.0.tgz#555bd98592883255fa00de14f1151a917b5d77d5"
  integrity sha512-/3IjMdb2L9QbBdWiW5e3P2/npwMBaU9mHCSCUzNln0ZCYbcfTsGbTJrU/kGemdH2IWmB2ioZ+zkxtmq6g09fGQ==
  dependencies:
    loose-envify "^1.1.0"

scheduler@^0.23.0:
  version "0.23.0"
  resolved "https://registry.yarnpkg.com/scheduler/-/scheduler-0.23.0.tgz#ba8041afc3d30eb206a487b6b384002e4e61fdfe"
  integrity sha512-CtuThmgHNg7zIZWAXi3AsyIzA3n4xx7aNyjwC2VJldO2LMVDhFK+63xGqq6CsJH4rTAt6/M+N4GhZiDYPx9eUw==
  dependencies:
    loose-envify "^1.1.0"

source-map-js@^1.0.2:
  version "1.0.2"
  resolved "https://registry.yarnpkg.com/source-map-js/-/source-map-js-1.0.2.tgz#adbc361d9c62df380125e7f161f71c826f1e490c"
  integrity sha512-R0XvVJ9WusLiqTCEiGCmICCMplcCkIwwR11mOSD9CR5u+IXYdiseeEuXCVAjS54zqwkLcPNnmU4OeJ6tUrWhDw==

styled-jsx@5.1.0:
  version "5.1.0"
  resolved "https://registry.yarnpkg.com/styled-jsx/-/styled-jsx-5.1.0.tgz#4a5622ab9714bd3fcfaeec292aa555871f057563"
  integrity sha512-/iHaRJt9U7T+5tp6TRelLnqBqiaIT0HsO0+vgyj8hK2KUk7aejFqRrumqPUlAqDwAj8IbS/1hk3IhBAAK/FCUQ==
  dependencies:
    client-only "0.0.1"

tslib@^2.4.0:
  version "2.4.1"
  resolved "https://registry.yarnpkg.com/tslib/-/tslib-2.4.1.tgz#0d0bfbaac2880b91e22df0768e55be9753a5b17e"
  integrity sha512-tGyy4dAjRIEwI7BzsB0lynWgOpfqjUdq91XXAlIWD2OwKBH7oCl/GZG/HT4BOHrTlPMOASlMQ7veyTqpmRcrNA==

typescript@^4.7.4:
  version "4.9.3"
  resolved "https://registry.yarnpkg.com/typescript/-/typescript-4.9.3.tgz#3aea307c1746b8c384435d8ac36b8a2e580d85db"
  integrity sha512-CIfGzTelbKNEnLpLdGFgdyKhG23CKdKgQPOBc+OUNrkJ2vr+KSzsSV5kq5iWhEQbok+quxgGzrAtGWCyU7tHnA==

use-sync-external-store@1.2.0:
  version "1.2.0"
  resolved "https://registry.yarnpkg.com/use-sync-external-store/-/use-sync-external-store-1.2.0.tgz#7dbefd6ef3fe4e767a0cf5d7287aacfb5846928a"
  integrity sha512-eEgnFxGQ1Ife9bzYs6VLi8/4X6CObHMw9Qr9tPY43iKwsPw8xE8+EFsf/2cFZ5S3esXgpWgtSCtLNS41F+sKPA==
